{
    "_meta": {
        "hash": {
            "sha256": "f937cd06a56b4485501ff200f5dc601307045d6679c35af91f286c68f86e5735"
        },
        "pipfile-spec": 6,
        "requires": {
            "python_version": "3"
        },
        "sources": [
            {
                "url": "https://pypi.python.org/simple",
                "verify_ssl": true
            }
        ]
    },
    "default": {
        "boto3": {
            "hashes": [
                "sha256:a6399df957bfc7944fbd97e9fb0755cba29b1cb135b91d7e43fd298b268ab804",
                "sha256:ddfe4a78f04cd2d3a7a37d5cdfa07b4889b24296508786969bc968bee6b8b003"
            ],
            "version": "==1.18.1"
        },
        "botocore": {
            "hashes": [
                "sha256:200887ce5f3b47d7499b7ded75dc65c4649abdaaddd06cebc118a3a954d6fd73",
                "sha256:b845220eb580d10f7714798a96e380eb8f94dca89905a41d8a3c35119c757b01"
            ],
            "version": "==1.21.1"
        },
        "jmespath": {
            "hashes": [
                "sha256:b85d0567b8666149a93172712e68920734333c0ce7e89b78b3e987f71e5ed4f9",
                "sha256:cdf6525904cc597730141d61b36f2e4b8ecc257c420fa2f4549bac2c2d0cb72f"
            ],
            "version": "==0.10.0"
        },
        "python-dateutil": {
            "hashes": [
                "sha256:0123cacc1627ae19ddf3c27a5de5bd67ee4586fbdd6440d9748f8abb483d3e86",
                "sha256:961d03dc3453ebbc59dbdea9e4e11c5651520a876d0f4db161e8674aae935da9"
            ],
            "version": "==2.8.2"
        },
        "s3transfer": {
            "hashes": [
                "sha256:50ed823e1dc5868ad40c8dc92072f757aa0e653a192845c94a3b676f4a62da4c",
                "sha256:9c1dc369814391a6bda20ebbf4b70a0f34630592c9aa520856bf384916af2803"
            ],
            "version": "==0.5.0"
        },
        "six": {
            "hashes": [
                "sha256:1e61c37477a1626458e36f7b1d82aa5c9b094fa4802892072e49de9c60c4c926",
                "sha256:8abb2f1d86890a2dfb989f9a77cfcfd3e47c2a354b01111771326f8aa26e0254"
            ],
            "version": "==1.16.0"
        },
        "urllib3": {
            "hashes": [
                "sha256:39fb8672126159acb139a7718dd10806104dec1e2f0f6c88aab05d17df10c8d4",
                "sha256:f57b4c16c62fa2760b7e3d97c35b255512fb6b59a259730f36ba32ce9f8e342f"
            ],
            "version": "==1.26.6"
        }
    },
    "develop": {
        "attrs": {
            "hashes": [
                "sha256:31b2eced602aa8423c2aea9c76a724617ed67cf9513173fd3a4f03e3a929c7e6",
                "sha256:832aa3cde19744e49938b91fea06d69ecb9e649c93ba974535d08ad92164f700"
            ],
            "version": "==20.3.0"
        },
        "aws-cdk.assets": {
            "hashes": [
                "sha256:17fad128ab390604ae7527ea98571d06590119941f5b0b45167f8a9231e421e6",
                "sha256:193130f4962c23b896f5ccb6846baf6090a095d0a2d0b79e1ba9325a9d1ef1c2"
            ],
            "version": "==1.114.0"
        },
        "aws-cdk.aws-apigateway": {
            "hashes": [
                "sha256:306bf406bc8e91c033e61af8d251ad09bf48c130638e187b014543837c239abf",
                "sha256:6a840c14844f606cf08e6f2bdf3d5c27e8541bbd07935c732718353412116a45"
            ],
            "version": "==1.114.0"
        },
        "aws-cdk.aws-applicationautoscaling": {
            "hashes": [
                "sha256:20ff9e22c5e2e7d1bd850ed1d53cc3228816fd9a6aa6b067155017eeac7d0eae",
                "sha256:40c2cd1e2c37bf6b548e3444659cffa55408d586b00e38eaaff4669858077ddd"
            ],
            "version": "==1.114.0"
        },
        "aws-cdk.aws-autoscaling": {
            "hashes": [
                "sha256:92333caebc5bb27a9454f6383c14d5444760b93e7b0ef524820ba70c82bbfcb3",
                "sha256:9aae81286aaffcfcfabbdb8af6625b382562c0f380bd90ccdc609ae624bd59b9"
            ],
            "version": "==1.114.0"
        },
        "aws-cdk.aws-autoscaling-common": {
            "hashes": [
                "sha256:65c200553a62463b56004743c007bf6c7c29b1db2bb95f5415e60df090d92afc",
                "sha256:c4bab400a22ee0adf93887fba2c09ce14b6d40a139cb4341962f83d74bf40236"
            ],
            "version": "==1.114.0"
        },
        "aws-cdk.aws-autoscaling-hooktargets": {
            "hashes": [
                "sha256:dda878cf671fea0f61941ab9102ccb0af6e91c0855a6bfe3456eb20a435e8931",
                "sha256:e83fba3d1f18030db56da5ee63e46fc24937f5d841983c15a22086760350e76a"
            ],
            "version": "==1.114.0"
        },
        "aws-cdk.aws-certificatemanager": {
            "hashes": [
                "sha256:7b2852a899cf3aa92e10fe4ed8257996997463acfa0b757aeebbebc8c640e606",
                "sha256:dfc7d04d56f6ec679db0b3a47429c3397dbf985990203675ba3c7a10327f8427"
            ],
            "version": "==1.114.0"
        },
        "aws-cdk.aws-cloudformation": {
            "hashes": [
                "sha256:7e638c721589429e1bf6c9f085b3a354a49e82e4923fdb81c80a67abb1c59153",
                "sha256:96773ea6990106b637169da30da99cdd001bd9bc4533bf432a4c5fd08a2f980d"
            ],
            "version": "==1.114.0"
        },
        "aws-cdk.aws-cloudfront": {
            "hashes": [
                "sha256:6bb4460ac8298dab0680d906e5f0b13c90346c5ddd94ee4cb7296175479b21d7",
                "sha256:77ace19cc75450ba679a0e6d54d33b30e8ef1e7f3921f4ab920e630c5a796cb0"
            ],
            "version": "==1.114.0"
        },
        "aws-cdk.aws-cloudwatch": {
            "hashes": [
                "sha256:c04ab0b6b7fbcd478336b89dfd7a6014f4ec1a804803e98ba3fb71f635ff3914",
                "sha256:c898a1aaeaa16929bdd9fe21fd49ce04205774c8767641e5fb80099c9f159451"
            ],
            "version": "==1.114.0"
        },
        "aws-cdk.aws-codebuild": {
            "hashes": [
                "sha256:0f3531f76c972cd91b64023cec058a250553c8b508c6cf93c1780a5c8d8a992a",
                "sha256:7a6f740e4a7cadbee79d830d3902dcf07c48102b4def6ebbca0e7148cc59ca94"
            ],
            "version": "==1.114.0"
        },
        "aws-cdk.aws-codecommit": {
            "hashes": [
                "sha256:395848fd00a371cfb90b62997f93d0d997421182355609cda9bba850125189ff",
                "sha256:434b226f753800161d3283d1bda6094d3a770692c1895529be681273327247fd"
            ],
            "version": "==1.114.0"
        },
        "aws-cdk.aws-codeguruprofiler": {
            "hashes": [
                "sha256:152cab0b62cb80a2305a8c01f436a07013d53fecb497223d34f40c1e69b23c40",
                "sha256:20372148130f774b9f3fbffcb63a5ea78c50847113e3dfa9a686005b514276d2"
            ],
            "version": "==1.114.0"
        },
        "aws-cdk.aws-codepipeline": {
            "hashes": [
                "sha256:1fde4f487c36c0c4b2e9e6a60167ceee653e855da9886ab0c86212d58dc3df17",
                "sha256:5c21c4c254cbd4db5fa9fe4ecf6224fea9c4be35be3b5a7bf17664feda56c623"
            ],
            "version": "==1.114.0"
        },
        "aws-cdk.aws-codestarnotifications": {
            "hashes": [
                "sha256:488db18ec1789064b78db1a8f9dd02a69bc9bc4b9af8010113ff8ca6718bac7a",
                "sha256:c2726b7d657bf98611df31765a80bf0bbee2054fcde104fcf4179bd22a9aa972"
            ],
            "version": "==1.114.0"
        },
        "aws-cdk.aws-cognito": {
            "hashes": [
                "sha256:16a423c9c37cda7bce33ca6edf0213b73c053bcfcb0b969a43b1a9d5cf6c5ceb",
                "sha256:1a6407ff7dc8aa24e28c98ffdbb9fcadf7931782a2c5721a1fd12eae5423e76c"
            ],
            "version": "==1.114.0"
        },
        "aws-cdk.aws-dynamodb": {
            "hashes": [
                "sha256:4f9aacdd7af48d54caca92754603fbbf2f6d23345cc7f747e41382b09ea9cbd0",
                "sha256:b05bcb1079356a35afbbd5f0bd6692aa42dac3ce1d1025e7a002a6a1d7234ed2"
            ],
            "version": "==1.114.0"
        },
        "aws-cdk.aws-ec2": {
            "hashes": [
                "sha256:1d366020fad2d279c107452b0f51cff9d633cdb408c8148b9d586d285fdced10",
                "sha256:4fd352665be4cc6e8a2757378d7a66976d179185bb456b11d1af88eefecec2f3"
            ],
            "version": "==1.114.0"
        },
        "aws-cdk.aws-ecr": {
            "hashes": [
                "sha256:3c3e621c4b2dc822e7836c6a07eda68c61428ef1b759652248b88a49d87daa0f",
                "sha256:bad45188c02c197f228091bea2204d3ec7e74e24af7bc90e3bd0b2103ffdefb2"
            ],
            "version": "==1.114.0"
        },
        "aws-cdk.aws-ecr-assets": {
            "hashes": [
                "sha256:3e022aac921a2f6e65617ba56d817f955a82da6c4ee9862dbc10a022b9470490",
                "sha256:a7ef95fbe5ca5e2672a582e0685bba8656200a82750262eeb61adc6d08323f27"
            ],
            "version": "==1.114.0"
        },
        "aws-cdk.aws-ecs": {
            "hashes": [
                "sha256:14ba25ea2b685d8a34a6ad9843efde206cf2b458e6d7c313fe7f96b1c9d387bc",
                "sha256:ab2250d0147cd7c9b222182f7e391059461a21217e5ac4dccf46238e2d17a975"
            ],
            "version": "==1.114.0"
        },
        "aws-cdk.aws-ecs-patterns": {
            "hashes": [
                "sha256:16337d92b7a0f9edfa64ba4f8b211e089ecaa3e6fca9e16ffbc96d8beeb99a61",
                "sha256:8deff8b460dc277a122292d0975d954a29c8bb81d0483b487e18c865b897b9c9"
            ],
            "version": "==1.114.0"
        },
        "aws-cdk.aws-efs": {
            "hashes": [
                "sha256:6eaaa396b37bdb502a9c556b76e6dad60dc7993f87c387abdef61bf8437c867c",
                "sha256:a97808189d68d2c87b31619a532da1476c512e60e0de791dc58ce01d24161b66"
            ],
            "version": "==1.114.0"
        },
        "aws-cdk.aws-elasticache": {
            "hashes": [
                "sha256:9a6daacf8f8573b6334d503ee401b19cdaa104acd72147c41fdc49cceeed4ae0",
                "sha256:b97c1fcfa26c44b7737e20a323c8363f61541130aaa49d511b5bd04a7ba324aa"
            ],
            "version": "==1.114.0"
        },
        "aws-cdk.aws-elasticloadbalancing": {
            "hashes": [
                "sha256:26106d7967e700c2ea3b4be14d481d1c3781468404ff91b2af9b717e63fb815c",
                "sha256:5370283f19c47483f725e6814b1e7e66852972ea2585750e9aa725c75e731578"
            ],
            "version": "==1.114.0"
        },
        "aws-cdk.aws-elasticloadbalancingv2": {
            "hashes": [
                "sha256:2427012df7730399f2740877e8f92c80031d51a8117b3f6e7f69567d186de08b",
                "sha256:67dca6aa18dfec91f342f2399b34ccdefc7a343199215bb73f056ffbab2b992b"
            ],
            "version": "==1.114.0"
        },
        "aws-cdk.aws-events": {
            "hashes": [
                "sha256:1f46990365709509304c5c02e16d28c853e06a9801b8beafbc7634429f77bc3e",
                "sha256:f7cad2fec385fc00183b96ef0b50b2c54dccb44dc4ad50c10d28a40952e3af4e"
            ],
            "version": "==1.114.0"
        },
        "aws-cdk.aws-events-targets": {
            "hashes": [
                "sha256:8b3bd923c2859ea1b3ca4f59c29c7b6fb85837ba010aa75f585541d05af1f024",
                "sha256:c65688b5e47ca65653002a161d91ebb2a623c5f831f6b105823d3c051ca6cb11"
            ],
            "version": "==1.114.0"
        },
        "aws-cdk.aws-globalaccelerator": {
            "hashes": [
                "sha256:8a54745e64b6dafa343bc104ad43f8b620b73b31ec5d1cb20ad04b04a702b3cd",
                "sha256:e786be38ac4e691658a5e818ced7370e25d31354821d351333fdc851966a68c1"
            ],
            "version": "==1.114.0"
        },
        "aws-cdk.aws-iam": {
            "hashes": [
                "sha256:173095fa5ea5cc017ad85cb9f6d377a5b8272c913f46e801bd49aa50a2418f1a",
                "sha256:9661944cdb045471afa4b4bf579bc84d999b080afdc187d15ac2c63c608c4e3a"
            ],
            "version": "==1.114.0"
        },
        "aws-cdk.aws-kinesis": {
            "hashes": [
                "sha256:8d568a7ec5bcfb27666a40e586432202507cea8c62e2e736ae131e502fbf70f3",
                "sha256:d8cdca622c575cbe36472c92735add1bab24dcb14e7d340caeb2e128578aee7b"
            ],
            "version": "==1.114.0"
        },
        "aws-cdk.aws-kinesisfirehose": {
            "hashes": [
                "sha256:2d306f74d6d5496a33001e247de6747a0f589ffb614f0a1cae449f5efb220945",
                "sha256:8d0dfe33ca9c6d28a00b0f08b37700cfd469ee312a6b1033d8ce00a5621c4ee1"
            ],
            "version": "==1.114.0"
        },
        "aws-cdk.aws-kms": {
            "hashes": [
                "sha256:7126b7026036ba6fcd9840a098ae46a176e987c7b3306e3bc4c2152d3da479c4",
                "sha256:b379cd5d16c4ed0d7fdea61305d6e2a75e2415354617a2f0044f241c76d7a5ab"
            ],
            "version": "==1.114.0"
        },
        "aws-cdk.aws-lambda": {
            "hashes": [
                "sha256:73b81984f271465e4b78302997b57db9dc1d56f86c8a5a55b352535afa4c841c",
                "sha256:93c0ba6a98141c4e9a29a98abb0fdbb6828a5975a83c6981d22528131545ff42"
            ],
            "version": "==1.114.0"
        },
        "aws-cdk.aws-logs": {
            "hashes": [
                "sha256:62000ee99c212c98bb889b674ef74b0df45d4ba54cc1c13684e99f79ec453684",
                "sha256:c2a000b0666be5947b928384785e9f413f72867f1846d2d52c256b2fdc8751f3"
            ],
            "version": "==1.114.0"
        },
        "aws-cdk.aws-route53": {
            "hashes": [
                "sha256:8853c9c684e83635bfa18f9e1e4532f355cff2d7bf496fe3fc4d489e349d8f0b",
                "sha256:df9888c91cd0062be2636d0a5760ef652d4cfb7a8ae5a680773ad2f601cbd694"
            ],
            "version": "==1.114.0"
        },
        "aws-cdk.aws-route53-targets": {
            "hashes": [
                "sha256:0eaeddd0f7934adb85769a61cc743628f371e5f2cc1b979a0ba97b68250ca231",
                "sha256:74e42b8e7e3cfe56acecfcd6291c7a3cefa66083d7a229cca6170cdf384ae928"
            ],
            "version": "==1.114.0"
        },
        "aws-cdk.aws-s3": {
            "hashes": [
                "sha256:267cb0dbacee761948eeef26f50f26bc68ebce57c6154a23305197237d9d55ea",
                "sha256:98f4f6b32798c310fc201c2b2dd8fe2f8a09ff669d88ac2fe5e8ce88714f7b9f"
            ],
            "version": "==1.114.0"
        },
        "aws-cdk.aws-s3-assets": {
            "hashes": [
                "sha256:045a18ba6c8c6d2173c47388dc909f9692b5ac7912ce153b8646b4d4ac7a8ac2",
                "sha256:22f85f9ab009a775fb96445ce6feb754e8adc768014dc720bff7d570c239e367"
            ],
            "version": "==1.114.0"
        },
        "aws-cdk.aws-s3-deployment": {
            "hashes": [
                "sha256:78805d18ec6b06f8f9260b7bdf71e3ca0f74cd261e8a82dfa0e77bff0bab4da8",
                "sha256:d74ec4057ed7410fa29c0cb6bb6913023f31890302454c6d6475070ef2de7e7c"
            ],
            "version": "==1.114.0"
        },
        "aws-cdk.aws-sam": {
            "hashes": [
                "sha256:4b0084b015dea4f64160307071458a10e72dbe2c2b9f3d806e7ed4c75a420dd5",
                "sha256:5b3e62815a977786efc251995d3e4bd08b89250a373388f68c3c468a05a8a89c"
            ],
            "version": "==1.114.0"
        },
        "aws-cdk.aws-secretsmanager": {
            "hashes": [
                "sha256:065a51aa770ebe4b8e4d7c5055c7d5a1de15e3ef83e5da83433d7387355e775d",
                "sha256:ed4bc56e6ba13815f6757d48ad09345a44a2a1fbc211a88180dcc8d475408c39"
            ],
            "version": "==1.114.0"
        },
        "aws-cdk.aws-servicediscovery": {
            "hashes": [
                "sha256:7731f57973b2b5c6ea8a42f00ccb9539532f6c2842602f074005f871ff512cc9",
                "sha256:e6ee6974fe467aab94e3580b9699973634827be483a1653c30548fbd9c08cb0f"
            ],
            "version": "==1.114.0"
        },
        "aws-cdk.aws-signer": {
            "hashes": [
                "sha256:3907714183befebace0f94990ddfe019ba9222fdbb2c9bd85b9d14368be9a750",
                "sha256:b71542d3725243e36620b55dffbdf22ff0bcb9a0e56c05dee9b8aea459add6e3"
            ],
            "version": "==1.114.0"
        },
        "aws-cdk.aws-sns": {
            "hashes": [
                "sha256:364eff643256c43dad7fe0f9f837a9c74d2d0bc13348a035b0b5e6e8677aaa48",
                "sha256:dc981a9b6c96cf3a7a4914081743a400424ee807a2984f6bcb8411e72ec38852"
            ],
            "version": "==1.114.0"
        },
        "aws-cdk.aws-sns-subscriptions": {
            "hashes": [
                "sha256:ad24e938cd2f2bef89b073db3a032c550632fa5fa114d3ba63dfb267da887048",
                "sha256:c67569a4917b940fff1b701dc8c69b82d47249801e064ffadc7bcf822fbb9886"
            ],
            "version": "==1.114.0"
        },
        "aws-cdk.aws-sqs": {
            "hashes": [
                "sha256:88cbe09062ff48ce0f597013c7597e8ea05a355feba939a9c9257267db28ac0d",
                "sha256:d5403e5158d3dc982f5846387a8fa2f1e3b3bddca0673f019bb45b8e7fe62c23"
            ],
            "version": "==1.114.0"
        },
        "aws-cdk.aws-ssm": {
            "hashes": [
                "sha256:397f26c994031bfc624b2cca99f2d8a2eeb8fc28581161ceeca6405621a2f222",
                "sha256:60afe25d9c23803c667e02898bcadf33d405b4a0d224e83a37b173dc0849a17c"
            ],
            "version": "==1.114.0"
        },
        "aws-cdk.aws-stepfunctions": {
            "hashes": [
                "sha256:937b6f4780e71c904063d80f1428aa269912c6c19bed31ecc50bd4c912c5b1e4",
                "sha256:ca4b9a046b88785c3090002203932389b27c935e78bffe7673d08946c44d09ac"
            ],
            "version": "==1.114.0"
        },
        "aws-cdk.cloud-assembly-schema": {
            "hashes": [
                "sha256:26cf344dc699fb4de4d6524a47a26748d6c616aea180be943cc374082a621652",
                "sha256:4a62be285bd458601725f92f5158f38dc3b3e42bcaaa483e30723d64d29ea569"
            ],
            "version": "==1.114.0"
        },
        "aws-cdk.core": {
            "hashes": [
                "sha256:23c838bdea601084f46a820c351ec62a1973b46f7cf8c3628958c40fd490c5e7",
                "sha256:d89203de39d7ef21797c2b5470743e86d12f3b1c78eee966a81553691597c4d1"
            ],
            "version": "==1.114.0"
        },
        "aws-cdk.custom-resources": {
            "hashes": [
                "sha256:4e18032ded356ca5e9fbb1fae0a2f4829eea97bc3c1080baa59f79d2d5fc01b1",
                "sha256:d05f373983acca6ed2f67abf664ad1243b98458d51f569917a9ab8ecd910d11d"
            ],
            "version": "==1.114.0"
        },
        "aws-cdk.cx-api": {
            "hashes": [
                "sha256:09011eace2c513e995a7944b9548f94eab97a0721b44e4319cafb50d62f049a0",
                "sha256:8b15eb5c1ea532943f40defeb22ba95af9417ac3c17ba2946f8adb7ddd0c7e08"
            ],
            "version": "==1.114.0"
        },
        "aws-cdk.lambda-layer-awscli": {
            "hashes": [
                "sha256:5993fc9067c79d2145a79bd0421f4af216595c3af62b21ac5936602ed7db1e6d",
                "sha256:a7d4be74edb9fd16b152e3a8cbab94257bae6b48c9089d9638d404d919325f7e"
            ],
            "version": "==1.114.0"
        },
        "aws-cdk.region-info": {
            "hashes": [
                "sha256:19b71a6e1596999b52698939f31c7de70eca70f7b47576ccfc9e5a6ca0e601d1",
                "sha256:cf3190f8169943eb3e897c2e6e02fb332fbc4a1edfbbbe815dec920d7edbd104"
            ],
            "version": "==1.114.0"
        },
        "cattrs": {
            "hashes": [
                "sha256:277d12740b45e46318b41c3b2e4a3bc067a7b9971cf61f0e96497598ad83f282",
                "sha256:a6233d0ce33d48ac71ef818f8e0b9309a89496b359994c4dfe9ad211c1f6d0a3"
            ],
            "markers": "python_version >= '3.7'",
            "version": "==1.5.0"
        },
        "certifi": {
            "hashes": [
                "sha256:2bbf76fd432960138b3ef6dda3dde0544f27cbf8546c458e60baf371917ba9ee",
                "sha256:50b1e4f8446b06f41be7dd6338db18e0990601dce795c2b1686458aa7e8fa7d8"
            ],
            "version": "==2021.5.30"
        },
        "charset-normalizer": {
            "hashes": [
                "sha256:88fce3fa5b1a84fdcb3f603d889f723d1dd89b26059d0123ca435570e848d5e1",
                "sha256:c46c3ace2d744cfbdebceaa3c19ae691f53ae621b39fd7570f59d14fb7f2fd12"
            ],
            "markers": "python_version >= '3'",
            "version": "==2.0.3"
        },
        "consoleme-ecs-cdk": {
            "editable": true,
            "path": "consoleme_ecs_cdk"
        },
        "constructs": {
            "hashes": [
                "sha256:372902f796bc135017571bad737a71530e4c354479c077c4e67fed6bf7a4df37",
                "sha256:482d31b08fe7ae036d3ed41b7e51ff3b683a55957765fe418ce037b3fa62f6a7"
            ],
            "version": "==3.3.97"
        },
        "docopt": {
            "hashes": [
                "sha256:49b3a825280bd66b3aa83585ef59c4a8c82f2c8a522dbe754a8bc8d08c85c491"
            ],
            "version": "==0.6.2"
        },
        "idna": {
            "hashes": [
                "sha256:14475042e284991034cb48e06f6851428fb14c4dc953acd9be9a5e95c7b6dd7a",
                "sha256:467fbad99067910785144ce333826c71fb0e63a425657295239737f7ecd125f3"
            ],
            "markers": "python_version >= '3'",
            "version": "==3.2"
        },
        "iniconfig": {
            "hashes": [
                "sha256:011e24c64b7f47f6ebd835bb12a743f2fbe9a26d4cecaa7f53bc4f35ee9da8b3",
                "sha256:bc3af051d7d14b2ee5ef9969666def0cd1a000e121eaea580d4a313df4b37f32"
            ],
            "version": "==1.1.1"
        },
        "jsii": {
            "hashes": [
                "sha256:0e166a334dc96aa10b30b531fbd5c2079b1be3d03a7a5fb53db9d6a4f20ddba0",
                "sha256:511d535f8d02912b92b7d405b3610161a2acd485991791fd793a45f3262d14f0"
            ],
            "version": "==1.31.0"
        },
        "packaging": {
            "hashes": [
                "sha256:7dc96269f53a4ccec5c0670940a4281106dd0bb343f47b7471f779df49c2fbe7",
                "sha256:c86254f9220d55e31cc94d69bade760f0847da8000def4dfe1c6b872fd14ff14"
            ],
            "version": "==21.0"
        },
        "pipreqs": {
            "hashes": [
                "sha256:9e351d644b28b98d7386b046a73806cbb3bb66b23a30e74feeb95ed9571db939",
                "sha256:cafe42ab70628d408c147fb8944bc303355ea8f91fddca4a98d273e572e39905"
            ],
            "version": "==0.4.10"
        },
        "pluggy": {
            "hashes": [
                "sha256:15b2acde666561e1298d71b523007ed7364de07029219b604cf808bfa1c765b0",
                "sha256:966c145cd83c96502c3c3868f50408687b38434af77734af1e9ca461a4081d2d"
            ],
            "version": "==0.13.1"
        },
        "publication": {
            "hashes": [
                "sha256:0248885351febc11d8a1098d5c8e3ab2dabcf3e8c0c96db1e17ecd12b53afbe6",
                "sha256:68416a0de76dddcdd2930d1c8ef853a743cc96c82416c4e4d3b5d901c6276dc4"
            ],
            "version": "==0.0.3"
        },
        "py": {
            "hashes": [
                "sha256:21b81bda15b66ef5e1a777a21c4dcd9c20ad3efd0b3f817e7a809035269e1bd3",
                "sha256:3b80836aa6d1feeaa108e046da6423ab8f6ceda6468545ae8d02d9d58d18818a"
            ],
            "version": "==1.10.0"
        },
        "pyparsing": {
            "hashes": [
                "sha256:c203ec8783bf771a155b207279b9bccb8dea02d8f0c9e5f8ead507bc3246ecc1",
                "sha256:ef9d7589ef3c200abe66653d3f1ab1033c3c419ae9b9bdb1240a85b024efc88b"
            ],
            "version": "==2.4.7"
        },
        "pytest": {
            "hashes": [
                "sha256:50bcad0a0b9c5a72c8e4e7c9855a3ad496ca6a881a3641b4260605450772c54b",
                "sha256:91ef2131a9bd6be8f76f1f08eac5c5317221d6ad1e143ae03894b862e8976890"
            ],
            "version": "==6.2.4"
        },
        "python-dateutil": {
            "hashes": [
                "sha256:0123cacc1627ae19ddf3c27a5de5bd67ee4586fbdd6440d9748f8abb483d3e86",
                "sha256:961d03dc3453ebbc59dbdea9e4e11c5651520a876d0f4db161e8674aae935da9"
            ],
            "version": "==2.8.2"
        },
        "pyyaml": {
            "hashes": [
                "sha256:08682f6b72c722394747bddaf0aa62277e02557c0fd1c42cb853016a38f8dedf",
                "sha256:0f5f5786c0e09baddcd8b4b45f20a7b5d61a7e7e99846e3c799b05c7c53fa696",
                "sha256:129def1b7c1bf22faffd67b8f3724645203b79d8f4cc81f674654d9902cb4393",
                "sha256:294db365efa064d00b8d1ef65d8ea2c3426ac366c0c4368d930bf1c5fb497f77",
                "sha256:3b2b1824fe7112845700f815ff6a489360226a5609b96ec2190a45e62a9fc922",
                "sha256:3bd0e463264cf257d1ffd2e40223b197271046d09dadf73a0fe82b9c1fc385a5",
                "sha256:4465124ef1b18d9ace298060f4eccc64b0850899ac4ac53294547536533800c8",
                "sha256:49d4cdd9065b9b6e206d0595fee27a96b5dd22618e7520c33204a4a3239d5b10",
                "sha256:4e0583d24c881e14342eaf4ec5fbc97f934b999a6828693a99157fde912540cc",
                "sha256:5accb17103e43963b80e6f837831f38d314a0495500067cb25afab2e8d7a4018",
                "sha256:607774cbba28732bfa802b54baa7484215f530991055bb562efbed5b2f20a45e",
                "sha256:6c78645d400265a062508ae399b60b8c167bf003db364ecb26dcab2bda048253",
                "sha256:72a01f726a9c7851ca9bfad6fd09ca4e090a023c00945ea05ba1638c09dc3347",
                "sha256:74c1485f7707cf707a7aef42ef6322b8f97921bd89be2ab6317fd782c2d53183",
                "sha256:895f61ef02e8fed38159bb70f7e100e00f471eae2bc838cd0f4ebb21e28f8541",
                "sha256:8c1be557ee92a20f184922c7b6424e8ab6691788e6d86137c5d93c1a6ec1b8fb",
                "sha256:bb4191dfc9306777bc594117aee052446b3fa88737cd13b7188d0e7aa8162185",
                "sha256:bfb51918d4ff3d77c1c856a9699f8492c612cde32fd3bcd344af9be34999bfdc",
                "sha256:c20cfa2d49991c8b4147af39859b167664f2ad4561704ee74c1de03318e898db",
                "sha256:cb333c16912324fd5f769fff6bc5de372e9e7a202247b48870bc251ed40239aa",
                "sha256:d2d9808ea7b4af864f35ea216be506ecec180628aced0704e34aca0b040ffe46",
                "sha256:d483ad4e639292c90170eb6f7783ad19490e7a8defb3e46f97dfe4bacae89122",
                "sha256:dd5de0646207f053eb0d6c74ae45ba98c3395a571a2891858e87df7c9b9bd51b",
                "sha256:e1d4970ea66be07ae37a3c2e48b5ec63f7ba6804bdddfdbd3cfd954d25a82e63",
                "sha256:e4fac90784481d221a8e4b1162afa7c47ed953be40d31ab4629ae917510051df",
                "sha256:fa5ae20527d8e831e8230cbffd9f8fe952815b2b7dae6ffec25318803a7528fc",
                "sha256:fd7f6999a8070df521b6384004ef42833b9bd62cfee11a09bda1079b4b704247",
                "sha256:fdc842473cd33f45ff6bce46aea678a54e3d21f1b61a7750ce3c498eedfe25d6",
                "sha256:fe69978f3f768926cfa37b867e3843918e012cf83f680806599ddce33c2c68b0"
            ],
            "version": "==5.4.1"
        },
        "requests": {
            "hashes": [
                "sha256:6c1246513ecd5ecd4528a0906f910e8f0f9c6b8ec72030dc9fd154dc1a6efd24",
                "sha256:b8aa58f8cf793ffd8782d3d8cb19e66ef36f7aba4353eec859e74678b01b07a7"
            ],
            "version": "==2.26.0"
        },
        "six": {
            "hashes": [
                "sha256:1e61c37477a1626458e36f7b1d82aa5c9b094fa4802892072e49de9c60c4c926",
                "sha256:8abb2f1d86890a2dfb989f9a77cfcfd3e47c2a354b01111771326f8aa26e0254"
            ],
            "version": "==1.16.0"
        },
        "toml": {
            "hashes": [
                "sha256:806143ae5bfb6a3c6e736a764057db0e6a0e05e338b5630894a5f779cabb4f9b",
                "sha256:b3bda1d108d5dd99f4a20d24d9c348e91c4db7ab1b749200bded2f839ccbe68f"
            ],
            "version": "==0.10.2"
        },
        "typing-extensions": {
            "hashes": [
                "sha256:0ac0f89795dd19de6b97debb0c6af1c70987fd80a2d62d1958f7e56fcc31b497",
                "sha256:50b6f157849174217d0656f99dc82fe932884fb250826c18350e159ec6cdf342",
                "sha256:779383f6086d90c99ae41cf0ff39aac8a7937a9283ce0a414e5dd782f4c94a84"
            ],
            "version": "==3.10.0.0"
        },
        "urllib3": {
            "hashes": [
                "sha256:39fb8672126159acb139a7718dd10806104dec1e2f0f6c88aab05d17df10c8d4",
                "sha256:f57b4c16c62fa2760b7e3d97c35b255512fb6b59a259730f36ba32ce9f8e342f"
            ],
            "version": "==1.26.6"
        },
        "yarg": {
            "hashes": [
                "sha256:4f9cebdc00fac946c9bf2783d634e538a71c7d280a4d806d45fd4dc0ef441492",
                "sha256:55695bf4d1e3e7f756496c36a69ba32c40d18f821e38f61d028f6049e5e15911"
            ],
            "version": "==0.1.9"
        }
    }
}
